
Microsoft Visual Studio Solution File, Format Version 11.00
# Visual Studio 2010
Project("{FAE04EC0-301F-11D3-BF4B-00C04F79EFBC}") = "Neptuo.Forms.Core", "Neptuo.Forms.Core\Neptuo.Forms.Core.csproj", "{A012144F-7147-460B-BEE2-6E9AF3204BCC}"
EndProject
Project("{FAE04EC0-301F-11D3-BF4B-00C04F79EFBC}") = "Neptuo.Forms.Web", "Neptuo.Forms.Web\Neptuo.Forms.Web.csproj", "{CD7DD92D-E0D0-4B1F-98C6-62F67F14F053}"
EndProject
Project("{CC5FD16D-436D-48AD-A40C-5A424C6E3E79}") = "Neptuo.Forms.Web.Azure", "Neptuo.Forms.Web.Azure\Neptuo.Forms.Web.Azure.ccproj", "{C3FE1CFA-DC3C-4635-A128-B66A628A7C40}"
EndProject
Project("{2CFEAB61-6A3B-4EB8-B523-560B4BEEF521}") = "Neptuo.Forms.Web.Deploy", "Neptuo.Forms.Web.Deploy\Neptuo.Forms.Web.Deploy.wdproj", "{46BD8AB8-D413-473A-8D78-C45538136F32}"
EndProject
Global
	GlobalSection(SolutionConfigurationPlatforms) = preSolution
		Debug|Any CPU = Debug|Any CPU
		Release|Any CPU = Release|Any CPU
	EndGlobalSection
	GlobalSection(ProjectConfigurationPlatforms) = postSolution
		{A012144F-7147-460B-BEE2-6E9AF3204BCC}.Debug|Any CPU.ActiveCfg = Debug|Any CPU
		{A012144F-7147-460B-BEE2-6E9AF3204BCC}.Debug|Any CPU.Build.0 = Debug|Any CPU
		{A012144F-7147-460B-BEE2-6E9AF3204BCC}.Release|Any CPU.ActiveCfg = Release|Any CPU
		{A012144F-7147-460B-BEE2-6E9AF3204BCC}.Release|Any CPU.Build.0 = Release|Any CPU
		{CD7DD92D-E0D0-4B1F-98C6-62F67F14F053}.Debug|Any CPU.ActiveCfg = Debug|Any CPU
		{CD7DD92D-E0D0-4B1F-98C6-62F67F14F053}.Debug|Any CPU.Build.0 = Debug|Any CPU
		{CD7DD92D-E0D0-4B1F-98C6-62F67F14F053}.Release|Any CPU.ActiveCfg = Release|Any CPU
		{CD7DD92D-E0D0-4B1F-98C6-62F67F14F053}.Release|Any CPU.Build.0 = Release|Any CPU
		{C3FE1CFA-DC3C-4635-A128-B66A628A7C40}.Debug|Any CPU.ActiveCfg = Debug|Any CPU
		{C3FE1CFA-DC3C-4635-A128-B66A628A7C40}.Release|Any CPU.ActiveCfg = Release|Any CPU
		{46BD8AB8-D413-473A-8D78-C45538136F32}.Debug|Any CPU.ActiveCfg = Debug|Any CPU
		{46BD8AB8-D413-473A-8D78-C45538136F32}.Release|Any CPU.ActiveCfg = Release|Any CPU
		{46BD8AB8-D413-473A-8D78-C45538136F32}.Release|Any CPU.Build.0 = Release|Any CPU
	EndGlobalSection
	GlobalSection(SolutionProperties) = preSolution
		HideSolutionNode = FALSE
	EndGlobalSection
	GlobalSection(ExtensibilityGlobals) = postSolution
		EnterpriseLibraryConfigurationToolBinariesPath = packages\Unity.2.1.505.0\lib\NET35
		VisualSVNWorkingCopyRoot = .
	EndGlobalSection
EndGlobal
